// !$*UTF8*$!
{
	archiveVersion = 1;
	classes = {
	};
	objectVersion = 46;
	objects = {

/* Begin PBXBuildFile section */
		1E083B891847917100B45650 /* AVFoundation.framework in Frameworks */ = {isa = PBXBuildFile; fileRef = 1E083B881847917100B45650 /* AVFoundation.framework */; };
		1E083B8B1847917900B45650 /* CoreData.framework in Frameworks */ = {isa = PBXBuildFile; fileRef = 1E083B8A1847917800B45650 /* CoreData.framework */; };
		1E083B8D1847918300B45650 /* CoreText.framework in Frameworks */ = {isa = PBXBuildFile; fileRef = 1E083B8C1847918300B45650 /* CoreText.framework */; };
		1E083B8F1847918B00B45650 /* GLKit.framework in Frameworks */ = {isa = PBXBuildFile; fileRef = 1E083B8E1847918B00B45650 /* GLKit.framework */; };
		1E083B911847919200B45650 /* ImageIO.framework in Frameworks */ = {isa = PBXBuildFile; fileRef = 1E083B901847919200B45650 /* ImageIO.framework */; };
		1E083B95184791AE00B45650 /* libicucore.dylib in Frameworks */ = {isa = PBXBuildFile; fileRef = 1E083B94184791AE00B45650 /* libicucore.dylib */; };
		1E083B97184791BA00B45650 /* libz.dylib in Frameworks */ = {isa = PBXBuildFile; fileRef = 1E083B96184791BA00B45650 /* libz.dylib */; };
		1E083B991847928000B45650 /* OpenGLES.framework in Frameworks */ = {isa = PBXBuildFile; fileRef = 1E083B981847928000B45650 /* OpenGLES.framework */; };
		1E083B9B1847928B00B45650 /* QuartzCore.framework in Frameworks */ = {isa = PBXBuildFile; fileRef = 1E083B9A1847928B00B45650 /* QuartzCore.framework */; };
		1E083B9D1847929A00B45650 /* SystemConfiguration.framework in Frameworks */ = {isa = PBXBuildFile; fileRef = 1E083B9C1847929A00B45650 /* SystemConfiguration.framework */; };
		1E083BA11847A94600B45650 /* CoreFoundation.framework in Frameworks */ = {isa = PBXBuildFile; fileRef = 1E083BA01847A94600B45650 /* CoreFoundation.framework */; };
		1E2F77EB1835CAA600EB65E3 /* Foundation.framework in Frameworks */ = {isa = PBXBuildFile; fileRef = 1E2F77EA1835CAA600EB65E3 /* Foundation.framework */; };
		1E2F77ED1835CAA600EB65E3 /* CoreGraphics.framework in Frameworks */ = {isa = PBXBuildFile; fileRef = 1E2F77EC1835CAA600EB65E3 /* CoreGraphics.framework */; };
		1E2F77EF1835CAA600EB65E3 /* UIKit.framework in Frameworks */ = {isa = PBXBuildFile; fileRef = 1E2F77EE1835CAA600EB65E3 /* UIKit.framework */; };
		1E2F77F51835CAA600EB65E3 /* InfoPlist.strings in Resources */ = {isa = PBXBuildFile; fileRef = 1E2F77F31835CAA600EB65E3 /* InfoPlist.strings */; };
		1E2F77F71835CAA600EB65E3 /* main.m in Sources */ = {isa = PBXBuildFile; fileRef = 1E2F77F61835CAA600EB65E3 /* main.m */; };
		1E2F77FB1835CAA600EB65E3 /* SLAppDelegate.m in Sources */ = {isa = PBXBuildFile; fileRef = 1E2F77FA1835CAA600EB65E3 /* SLAppDelegate.m */; };
		1E2F78061835CAA600EB65E3 /* Images.xcassets in Resources */ = {isa = PBXBuildFile; fileRef = 1E2F78051835CAA600EB65E3 /* Images.xcassets */; };
		1E2F780D1835CAA600EB65E3 /* XCTest.framework in Frameworks */ = {isa = PBXBuildFile; fileRef = 1E2F780C1835CAA600EB65E3 /* XCTest.framework */; };
		1E2F780E1835CAA600EB65E3 /* Foundation.framework in Frameworks */ = {isa = PBXBuildFile; fileRef = 1E2F77EA1835CAA600EB65E3 /* Foundation.framework */; };
		1E2F780F1835CAA600EB65E3 /* UIKit.framework in Frameworks */ = {isa = PBXBuildFile; fileRef = 1E2F77EE1835CAA600EB65E3 /* UIKit.framework */; };
		1E2F78171835CAA600EB65E3 /* InfoPlist.strings in Resources */ = {isa = PBXBuildFile; fileRef = 1E2F78151835CAA600EB65E3 /* InfoPlist.strings */; };
		1E2F78191835CAA600EB65E3 /* FitBitChallengeTests.m in Sources */ = {isa = PBXBuildFile; fileRef = 1E2F78181835CAA600EB65E3 /* FitBitChallengeTests.m */; };
		1E2F782B1835F42F00EB65E3 /* SLViewController.m in Sources */ = {isa = PBXBuildFile; fileRef = 1E2F78291835F42F00EB65E3 /* SLViewController.m */; };
		1E2F78301835F91300EB65E3 /* FacebookSDK.framework in Frameworks */ = {isa = PBXBuildFile; fileRef = 1E2F782F1835F91300EB65E3 /* FacebookSDK.framework */; };
		1E4CBC9B1860025800B9D20A /* TabViewController.m in Sources */ = {isa = PBXBuildFile; fileRef = 1E4CBC9A1860025800B9D20A /* TabViewController.m */; };
		1E4D266C1846408200189C07 /* IndividualCell.m in Sources */ = {isa = PBXBuildFile; fileRef = 1E4D266B1846408200189C07 /* IndividualCell.m */; };
		1E56FB331840ACB3006B26DF /* TeamInfoViewController.m in Sources */ = {isa = PBXBuildFile; fileRef = 1E56FB321840ACB3006B26DF /* TeamInfoViewController.m */; };
		1E56FB361840B23A006B26DF /* FlipsideViewController.m in Sources */ = {isa = PBXBuildFile; fileRef = 1E56FB351840B23A006B26DF /* FlipsideViewController.m */; };
		1E713392184567DC00A0A73B /* RankingCell.m in Sources */ = {isa = PBXBuildFile; fileRef = 1E713391184567DC00A0A73B /* RankingCell.m */; };
		1E73D67718485674002FB1AA /* libc++.dylib in Frameworks */ = {isa = PBXBuildFile; fileRef = 1E73D67618485674002FB1AA /* libc++.dylib */; };
		1E946BC918370AC8003C74C0 /* MainMenuViewController_iPhone.storyboard in Resources */ = {isa = PBXBuildFile; fileRef = 1E946BC818370AC8003C74C0 /* MainMenuViewController_iPhone.storyboard */; };
		1E946BCF183736B6003C74C0 /* MainMenuViewController.m in Sources */ = {isa = PBXBuildFile; fileRef = 1E946BCE183736B6003C74C0 /* MainMenuViewController.m */; };
		1E95BFD6184F3E4C00CB7733 /* FinishViewController.m in Sources */ = {isa = PBXBuildFile; fileRef = 1E95BFD5184F3E4C00CB7733 /* FinishViewController.m */; };
		1E9F6C8918363E260062147B /* MainMenuViewController_iPad.storyboard in Resources */ = {isa = PBXBuildFile; fileRef = 1E9F6C8818363E260062147B /* MainMenuViewController_iPad.storyboard */; };
		1E9F6C8C1836455E0062147B /* FBChallengeViewController.m in Sources */ = {isa = PBXBuildFile; fileRef = 1E9F6C8B1836455E0062147B /* FBChallengeViewController.m */; };
		1EA0C61F18432001008B63BC /* IndividualRankViewController.m in Sources */ = {isa = PBXBuildFile; fileRef = 1EA0C61E18432001008B63BC /* IndividualRankViewController.m */; };
		1EADE345183CBA0300E98779 /* KYCircleMenu.m in Sources */ = {isa = PBXBuildFile; fileRef = 1EADE344183CBA0300E98779 /* KYCircleMenu.m */; };
		1EADE348183CBAC900E98779 /* Constants.m in Sources */ = {isa = PBXBuildFile; fileRef = 1EADE347183CBAC900E98779 /* Constants.m */; };
		1EADE35A183CBF7400E98779 /* KYICircleMenuCenterButton.png in Resources */ = {isa = PBXBuildFile; fileRef = 1EADE34A183CBF7400E98779 /* KYICircleMenuCenterButton.png */; };
		1EADE35B183CBF7400E98779 /* KYICircleMenuCenterButton@2x.png in Resources */ = {isa = PBXBuildFile; fileRef = 1EADE34B183CBF7400E98779 /* KYICircleMenuCenterButton@2x.png */; };
		1EADE35C183CBF7400E98779 /* KYICircleMenuCenterButtonBackground.png in Resources */ = {isa = PBXBuildFile; fileRef = 1EADE34C183CBF7400E98779 /* KYICircleMenuCenterButtonBackground.png */; };
		1EADE35D183CBF7400E98779 /* KYICircleMenuCenterButtonBackground@2x.png in Resources */ = {isa = PBXBuildFile; fileRef = 1EADE34D183CBF7400E98779 /* KYICircleMenuCenterButtonBackground@2x.png */; };
		1EADE35E183CBF7400E98779 /* KYICircleMenuButton01.png in Resources */ = {isa = PBXBuildFile; fileRef = 1EADE34E183CBF7400E98779 /* KYICircleMenuButton01.png */; };
		1EADE35F183CBF7400E98779 /* KYICircleMenuButton01@2x.png in Resources */ = {isa = PBXBuildFile; fileRef = 1EADE34F183CBF7400E98779 /* KYICircleMenuButton01@2x.png */; };
		1EADE360183CBF7400E98779 /* KYICircleMenuButton02.png in Resources */ = {isa = PBXBuildFile; fileRef = 1EADE350183CBF7400E98779 /* KYICircleMenuButton02.png */; };
		1EADE361183CBF7400E98779 /* KYICircleMenuButton02@2x.png in Resources */ = {isa = PBXBuildFile; fileRef = 1EADE351183CBF7400E98779 /* KYICircleMenuButton02@2x.png */; };
		1EADE362183CBF7400E98779 /* KYICircleMenuButton03.png in Resources */ = {isa = PBXBuildFile; fileRef = 1EADE352183CBF7400E98779 /* KYICircleMenuButton03.png */; };
		1EADE363183CBF7400E98779 /* KYICircleMenuButton03@2x.png in Resources */ = {isa = PBXBuildFile; fileRef = 1EADE353183CBF7400E98779 /* KYICircleMenuButton03@2x.png */; };
		1EADE364183CBF7400E98779 /* KYICircleMenuButton04.png in Resources */ = {isa = PBXBuildFile; fileRef = 1EADE354183CBF7400E98779 /* KYICircleMenuButton04.png */; };
		1EADE365183CBF7400E98779 /* KYICircleMenuButton04@2x.png in Resources */ = {isa = PBXBuildFile; fileRef = 1EADE355183CBF7400E98779 /* KYICircleMenuButton04@2x.png */; };
		1EADE366183CBF7400E98779 /* KYICircleMenuButton05.png in Resources */ = {isa = PBXBuildFile; fileRef = 1EADE356183CBF7400E98779 /* KYICircleMenuButton05.png */; };
		1EADE367183CBF7400E98779 /* KYICircleMenuButton05@2x.png in Resources */ = {isa = PBXBuildFile; fileRef = 1EADE357183CBF7400E98779 /* KYICircleMenuButton05@2x.png */; };
		1EADE368183CBF7400E98779 /* KYICircleMenuButton06.png in Resources */ = {isa = PBXBuildFile; fileRef = 1EADE358183CBF7400E98779 /* KYICircleMenuButton06.png */; };
		1EADE369183CBF7400E98779 /* KYICircleMenuButton06@2x.png in Resources */ = {isa = PBXBuildFile; fileRef = 1EADE359183CBF7400E98779 /* KYICircleMenuButton06@2x.png */; };
		1EADE36C183CC5F000E98779 /* FBCNavigationController.m in Sources */ = {isa = PBXBuildFile; fileRef = 1EADE36B183CC5F000E98779 /* FBCNavigationController.m */; };
		1EAF9146184C8015007BE78E /* WebViewController.m in Sources */ = {isa = PBXBuildFile; fileRef = 1EAF9145184C8015007BE78E /* WebViewController.m */; };
		1EAFC8E2184DF3FD00346B77 /* step1.png in Resources */ = {isa = PBXBuildFile; fileRef = 1EAFC8D2184DF3FD00346B77 /* step1.png */; };
		1EAFC8E3184DF3FD00346B77 /* step1@2x.png in Resources */ = {isa = PBXBuildFile; fileRef = 1EAFC8D3184DF3FD00346B77 /* step1@2x.png */; };
		1EAFC8E4184DF3FD00346B77 /* step2.png in Resources */ = {isa = PBXBuildFile; fileRef = 1EAFC8D4184DF3FD00346B77 /* step2.png */; };
		1EAFC8E5184DF3FD00346B77 /* step2@2x.png in Resources */ = {isa = PBXBuildFile; fileRef = 1EAFC8D5184DF3FD00346B77 /* step2@2x.png */; };
		1EAFC8E6184DF3FD00346B77 /* step3.png in Resources */ = {isa = PBXBuildFile; fileRef = 1EAFC8D6184DF3FD00346B77 /* step3.png */; };
		1EAFC8E7184DF3FD00346B77 /* step3@2x.png in Resources */ = {isa = PBXBuildFile; fileRef = 1EAFC8D7184DF3FD00346B77 /* step3@2x.png */; };
		1EAFC8E8184DF3FD00346B77 /* step4.png in Resources */ = {isa = PBXBuildFile; fileRef = 1EAFC8D8184DF3FD00346B77 /* step4.png */; };
		1EAFC8E9184DF3FD00346B77 /* step4@2x.png in Resources */ = {isa = PBXBuildFile; fileRef = 1EAFC8D9184DF3FD00346B77 /* step4@2x.png */; };
		1EAFC8EA184DF3FD00346B77 /* step5.png in Resources */ = {isa = PBXBuildFile; fileRef = 1EAFC8DA184DF3FD00346B77 /* step5.png */; };
		1EAFC8EB184DF3FD00346B77 /* step5@2x.png in Resources */ = {isa = PBXBuildFile; fileRef = 1EAFC8DB184DF3FD00346B77 /* step5@2x.png */; };
		1EAFC8EC184DF3FD00346B77 /* step6.png in Resources */ = {isa = PBXBuildFile; fileRef = 1EAFC8DC184DF3FD00346B77 /* step6.png */; };
		1EAFC8ED184DF3FD00346B77 /* step6@2x.png in Resources */ = {isa = PBXBuildFile; fileRef = 1EAFC8DD184DF3FD00346B77 /* step6@2x.png */; };
		1EAFC8EE184DF3FD00346B77 /* step7.png in Resources */ = {isa = PBXBuildFile; fileRef = 1EAFC8DE184DF3FD00346B77 /* step7.png */; };
		1EAFC8EF184DF3FD00346B77 /* step7@2x.png in Resources */ = {isa = PBXBuildFile; fileRef = 1EAFC8DF184DF3FD00346B77 /* step7@2x.png */; };
		1EAFC8F0184DF3FD00346B77 /* step8.png in Resources */ = {isa = PBXBuildFile; fileRef = 1EAFC8E0184DF3FD00346B77 /* step8.png */; };
		1EAFC8F1184DF3FD00346B77 /* step8@2x.png in Resources */ = {isa = PBXBuildFile; fileRef = 1EAFC8E1184DF3FD00346B77 /* step8@2x.png */; };
		1EAFDF3A1856D3FA009F13E6 /* SplitViewController.m in Sources */ = {isa = PBXBuildFile; fileRef = 1EAFDF391856D3FA009F13E6 /* SplitViewController.m */; };
		1EB136241860494700F7FBA3 /* MySideViewController.m in Sources */ = {isa = PBXBuildFile; fileRef = 1EB136231860494700F7FBA3 /* MySideViewController.m */; };
		1EB4E8ED183E28E400B2B25E /* CoreLocation.framework in Frameworks */ = {isa = PBXBuildFile; fileRef = 1EB4E8EC183E28E400B2B25E /* CoreLocation.framework */; };
		1EB4E8F0183E294A00B2B25E /* FriendViewController.m in Sources */ = {isa = PBXBuildFile; fileRef = 1EB4E8EF183E294A00B2B25E /* FriendViewController.m */; };
		1EB4EE6218557CCB00A07919 /* CompCell.m in Sources */ = {isa = PBXBuildFile; fileRef = 1EB4EE6118557CCB00A07919 /* CompCell.m */; };
		1EB5E1BB1846FAFF00CCF47E /* TeamRankCell.m in Sources */ = {isa = PBXBuildFile; fileRef = 1EB5E1BA1846FAFF00CCF47E /* TeamRankCell.m */; };
		1EB901A9183A400A0043838E /* UserProfileViewController.m in Sources */ = {isa = PBXBuildFile; fileRef = 1EB901A8183A400A0043838E /* UserProfileViewController.m */; };
		1EC269701839F1CC00272E14 /* FBUserSettingsViewResources.bundle in Resources */ = {isa = PBXBuildFile; fileRef = 1EC2696F1839F1CC00272E14 /* FBUserSettingsViewResources.bundle */; };
		1EC564F51848B1DF0086B399 /* libobjc.dylib in Frameworks */ = {isa = PBXBuildFile; fileRef = 1EC564F41848B1DF0086B399 /* libobjc.dylib */; };
		1EC564F91848B9F50086B399 /* GoogleMaps.framework in Frameworks */ = {isa = PBXBuildFile; fileRef = 1EC564F81848B9F50086B399 /* GoogleMaps.framework */; };
		1EC564FB1848BA230086B399 /* GoogleMaps.bundle in Resources */ = {isa = PBXBuildFile; fileRef = 1EC564FA1848BA230086B399 /* GoogleMaps.bundle */; };
		1EF4CD77184B062600C6AF9E /* tablogo.png in Resources */ = {isa = PBXBuildFile; fileRef = 1EF4CD76184B062600C6AF9E /* tablogo.png */; };
		1EF4CD8D184B0A8F00C6AF9E /* home.png in Resources */ = {isa = PBXBuildFile; fileRef = 1EF4CD79184B0A8F00C6AF9E /* home.png */; };
		1EF4CD8E184B0A8F00C6AF9E /* home@2x.png in Resources */ = {isa = PBXBuildFile; fileRef = 1EF4CD7A184B0A8F00C6AF9E /* home@2x.png */; };
		1EF4CD8F184B0A8F00C6AF9E /* home_selected.png in Resources */ = {isa = PBXBuildFile; fileRef = 1EF4CD7B184B0A8F00C6AF9E /* home_selected.png */; };
		1EF4CD90184B0A8F00C6AF9E /* home_selected@2x.png in Resources */ = {isa = PBXBuildFile; fileRef = 1EF4CD7C184B0A8F00C6AF9E /* home_selected@2x.png */; };
		1EF4CD91184B0A8F00C6AF9E /* maps.png in Resources */ = {isa = PBXBuildFile; fileRef = 1EF4CD7D184B0A8F00C6AF9E /* maps.png */; };
		1EF4CD92184B0A8F00C6AF9E /* maps@2x.png in Resources */ = {isa = PBXBuildFile; fileRef = 1EF4CD7E184B0A8F00C6AF9E /* maps@2x.png */; };
		1EF4CD93184B0A8F00C6AF9E /* maps_selected.png in Resources */ = {isa = PBXBuildFile; fileRef = 1EF4CD7F184B0A8F00C6AF9E /* maps_selected.png */; };
		1EF4CD94184B0A8F00C6AF9E /* maps_selected@2x.png in Resources */ = {isa = PBXBuildFile; fileRef = 1EF4CD80184B0A8F00C6AF9E /* maps_selected@2x.png */; };
		1EF4CD95184B0A8F00C6AF9E /* myplan.png in Resources */ = {isa = PBXBuildFile; fileRef = 1EF4CD81184B0A8F00C6AF9E /* myplan.png */; };
		1EF4CD96184B0A8F00C6AF9E /* myplan@2x.png in Resources */ = {isa = PBXBuildFile; fileRef = 1EF4CD82184B0A8F00C6AF9E /* myplan@2x.png */; };
		1EF4CD97184B0A8F00C6AF9E /* myplan_selected.png in Resources */ = {isa = PBXBuildFile; fileRef = 1EF4CD83184B0A8F00C6AF9E /* myplan_selected.png */; };
		1EF4CD98184B0A8F00C6AF9E /* myplan_selected@2x.png in Resources */ = {isa = PBXBuildFile; fileRef = 1EF4CD84184B0A8F00C6AF9E /* myplan_selected@2x.png */; };
		1EF4CD99184B0A8F00C6AF9E /* settings.png in Resources */ = {isa = PBXBuildFile; fileRef = 1EF4CD85184B0A8F00C6AF9E /* settings.png */; };
		1EF4CD9A184B0A8F00C6AF9E /* settings@2x.png in Resources */ = {isa = PBXBuildFile; fileRef = 1EF4CD86184B0A8F00C6AF9E /* settings@2x.png */; };
		1EF4CD9B184B0A8F00C6AF9E /* settings_selected.png in Resources */ = {isa = PBXBuildFile; fileRef = 1EF4CD87184B0A8F00C6AF9E /* settings_selected.png */; };
		1EF4CD9C184B0A8F00C6AF9E /* settings_selected@2x.png in Resources */ = {isa = PBXBuildFile; fileRef = 1EF4CD88184B0A8F00C6AF9E /* settings_selected@2x.png */; };
		1EF4CD9D184B0A8F00C6AF9E /* tabbar.png in Resources */ = {isa = PBXBuildFile; fileRef = 1EF4CD89184B0A8F00C6AF9E /* tabbar.png */; };
		1EF4CD9E184B0A8F00C6AF9E /* tabbar@2x.png in Resources */ = {isa = PBXBuildFile; fileRef = 1EF4CD8A184B0A8F00C6AF9E /* tabbar@2x.png */; };
		1EF4CD9F184B0A8F00C6AF9E /* tabbar_selected.png in Resources */ = {isa = PBXBuildFile; fileRef = 1EF4CD8B184B0A8F00C6AF9E /* tabbar_selected.png */; };
		1EF4CDA0184B0A8F00C6AF9E /* tabbar_selected@2x.png in Resources */ = {isa = PBXBuildFile; fileRef = 1EF4CD8C184B0A8F00C6AF9E /* tabbar_selected@2x.png */; };
		1EF4CDA3184B0E8200C6AF9E /* MainCell.m in Sources */ = {isa = PBXBuildFile; fileRef = 1EF4CDA2184B0E8200C6AF9E /* MainCell.m */; };
		1EF61F7D183CDD6C00D73173 /* RouteTracingViewController.m in Sources */ = {isa = PBXBuildFile; fileRef = 1EF61F7C183CDD6C00D73173 /* RouteTracingViewController.m */; };
		1EFB19A11848BFF1007F8158 /* tracktivity_logo_a.png in Resources */ = {isa = PBXBuildFile; fileRef = 1EFB199B1848BFF1007F8158 /* tracktivity_logo_a.png */; };
		1EFB19A21848BFF1007F8158 /* tracktivity_logo_a_m.png in Resources */ = {isa = PBXBuildFile; fileRef = 1EFB199C1848BFF1007F8158 /* tracktivity_logo_a_m.png */; };
		1EFB19A31848BFF1007F8158 /* tracktivity_logo_a_r.png in Resources */ = {isa = PBXBuildFile; fileRef = 1EFB199D1848BFF1007F8158 /* tracktivity_logo_a_r.png */; };
		1EFB19A41848BFF1007F8158 /* tracktivity_logo_b.png in Resources */ = {isa = PBXBuildFile; fileRef = 1EFB199E1848BFF1007F8158 /* tracktivity_logo_b.png */; };
		1EFB19A51848BFF1007F8158 /* tracktivity_logo_b_m.png in Resources */ = {isa = PBXBuildFile; fileRef = 1EFB199F1848BFF1007F8158 /* tracktivity_logo_b_m.png */; };
		1EFB19A61848BFF1007F8158 /* tracktivity_logo_b_r.png in Resources */ = {isa = PBXBuildFile; fileRef = 1EFB19A01848BFF1007F8158 /* tracktivity_logo_b_r.png */; };
/* End PBXBuildFile section */

/* Begin PBXContainerItemProxy section */
		1E2F78101835CAA600EB65E3 /* PBXContainerItemProxy */ = {
			isa = PBXContainerItemProxy;
			containerPortal = 1E2F77DF1835CAA600EB65E3 /* Project object */;
			proxyType = 1;
			remoteGlobalIDString = 1E2F77E61835CAA600EB65E3;
			remoteInfo = FitBitChallenge;
		};
/* End PBXContainerItemProxy section */

/* Begin PBXFileReference section */
		1E083B881847917100B45650 /* AVFoundation.framework */ = {isa = PBXFileReference; lastKnownFileType = wrapper.framework; name = AVFoundation.framework; path = System/Library/Frameworks/AVFoundation.framework; sourceTree = SDKROOT; };
		1E083B8A1847917800B45650 /* CoreData.framework */ = {isa = PBXFileReference; lastKnownFileType = wrapper.framework; name = CoreData.framework; path = System/Library/Frameworks/CoreData.framework; sourceTree = SDKROOT; };
		1E083B8C1847918300B45650 /* CoreText.framework */ = {isa = PBXFileReference; lastKnownFileType = wrapper.framework; name = CoreText.framework; path = System/Library/Frameworks/CoreText.framework; sourceTree = SDKROOT; };
		1E083B8E1847918B00B45650 /* GLKit.framework */ = {isa = PBXFileReference; lastKnownFileType = wrapper.framework; name = GLKit.framework; path = System/Library/Frameworks/GLKit.framework; sourceTree = SDKROOT; };
		1E083B901847919200B45650 /* ImageIO.framework */ = {isa = PBXFileReference; lastKnownFileType = wrapper.framework; name = ImageIO.framework; path = System/Library/Frameworks/ImageIO.framework; sourceTree = SDKROOT; };
		1E083B94184791AE00B45650 /* libicucore.dylib */ = {isa = PBXFileReference; lastKnownFileType = "compiled.mach-o.dylib"; name = libicucore.dylib; path = usr/lib/libicucore.dylib; sourceTree = SDKROOT; };
		1E083B96184791BA00B45650 /* libz.dylib */ = {isa = PBXFileReference; lastKnownFileType = "compiled.mach-o.dylib"; name = libz.dylib; path = usr/lib/libz.dylib; sourceTree = SDKROOT; };
		1E083B981847928000B45650 /* OpenGLES.framework */ = {isa = PBXFileReference; lastKnownFileType = wrapper.framework; name = OpenGLES.framework; path = System/Library/Frameworks/OpenGLES.framework; sourceTree = SDKROOT; };
		1E083B9A1847928B00B45650 /* QuartzCore.framework */ = {isa = PBXFileReference; lastKnownFileType = wrapper.framework; name = QuartzCore.framework; path = System/Library/Frameworks/QuartzCore.framework; sourceTree = SDKROOT; };
		1E083B9C1847929A00B45650 /* SystemConfiguration.framework */ = {isa = PBXFileReference; lastKnownFileType = wrapper.framework; name = SystemConfiguration.framework; path = System/Library/Frameworks/SystemConfiguration.framework; sourceTree = SDKROOT; };
		1E083BA01847A94600B45650 /* CoreFoundation.framework */ = {isa = PBXFileReference; lastKnownFileType = wrapper.framework; name = CoreFoundation.framework; path = System/Library/Frameworks/CoreFoundation.framework; sourceTree = SDKROOT; };
		1E2F77E71835CAA600EB65E3 /* FitBitChallenge.app */ = {isa = PBXFileReference; explicitFileType = wrapper.application; includeInIndex = 0; path = FitBitChallenge.app; sourceTree = BUILT_PRODUCTS_DIR; };
		1E2F77EA1835CAA600EB65E3 /* Foundation.framework */ = {isa = PBXFileReference; lastKnownFileType = wrapper.framework; name = Foundation.framework; path = System/Library/Frameworks/Foundation.framework; sourceTree = SDKROOT; };
		1E2F77EC1835CAA600EB65E3 /* CoreGraphics.framework */ = {isa = PBXFileReference; lastKnownFileType = wrapper.framework; name = CoreGraphics.framework; path = System/Library/Frameworks/CoreGraphics.framework; sourceTree = SDKROOT; };
		1E2F77EE1835CAA600EB65E3 /* UIKit.framework */ = {isa = PBXFileReference; lastKnownFileType = wrapper.framework; name = UIKit.framework; path = System/Library/Frameworks/UIKit.framework; sourceTree = SDKROOT; };
		1E2F77F21835CAA600EB65E3 /* FitBitChallenge-Info.plist */ = {isa = PBXFileReference; lastKnownFileType = text.plist.xml; path = "FitBitChallenge-Info.plist"; sourceTree = "<group>"; };
		1E2F77F41835CAA600EB65E3 /* en */ = {isa = PBXFileReference; lastKnownFileType = text.plist.strings; name = en; path = en.lproj/InfoPlist.strings; sourceTree = "<group>"; };
		1E2F77F61835CAA600EB65E3 /* main.m */ = {isa = PBXFileReference; lastKnownFileType = sourcecode.c.objc; path = main.m; sourceTree = "<group>"; };
		1E2F77F81835CAA600EB65E3 /* FitBitChallenge-Prefix.pch */ = {isa = PBXFileReference; lastKnownFileType = sourcecode.c.h; path = "FitBitChallenge-Prefix.pch"; sourceTree = "<group>"; };
		1E2F77F91835CAA600EB65E3 /* SLAppDelegate.h */ = {isa = PBXFileReference; lastKnownFileType = sourcecode.c.h; path = SLAppDelegate.h; sourceTree = "<group>"; };
		1E2F77FA1835CAA600EB65E3 /* SLAppDelegate.m */ = {isa = PBXFileReference; lastKnownFileType = sourcecode.c.objc; path = SLAppDelegate.m; sourceTree = "<group>"; };
		1E2F78051835CAA600EB65E3 /* Images.xcassets */ = {isa = PBXFileReference; lastKnownFileType = folder.assetcatalog; path = Images.xcassets; sourceTree = "<group>"; };
		1E2F780B1835CAA600EB65E3 /* FitBitChallengeTests.xctest */ = {isa = PBXFileReference; explicitFileType = wrapper.cfbundle; includeInIndex = 0; path = FitBitChallengeTests.xctest; sourceTree = BUILT_PRODUCTS_DIR; };
		1E2F780C1835CAA600EB65E3 /* XCTest.framework */ = {isa = PBXFileReference; lastKnownFileType = wrapper.framework; name = XCTest.framework; path = Library/Frameworks/XCTest.framework; sourceTree = DEVELOPER_DIR; };
		1E2F78141835CAA600EB65E3 /* FitBitChallengeTests-Info.plist */ = {isa = PBXFileReference; lastKnownFileType = text.plist.xml; path = "FitBitChallengeTests-Info.plist"; sourceTree = "<group>"; };
		1E2F78161835CAA600EB65E3 /* en */ = {isa = PBXFileReference; lastKnownFileType = text.plist.strings; name = en; path = en.lproj/InfoPlist.strings; sourceTree = "<group>"; };
		1E2F78181835CAA600EB65E3 /* FitBitChallengeTests.m */ = {isa = PBXFileReference; lastKnownFileType = sourcecode.c.objc; path = FitBitChallengeTests.m; sourceTree = "<group>"; };
		1E2F78281835F42F00EB65E3 /* SLViewController.h */ = {isa = PBXFileReference; fileEncoding = 4; lastKnownFileType = sourcecode.c.h; path = SLViewController.h; sourceTree = "<group>"; };
		1E2F78291835F42F00EB65E3 /* SLViewController.m */ = {isa = PBXFileReference; fileEncoding = 4; lastKnownFileType = sourcecode.c.objc; path = SLViewController.m; sourceTree = "<group>"; };
		1E2F782F1835F91300EB65E3 /* FacebookSDK.framework */ = {isa = PBXFileReference; lastKnownFileType = wrapper.framework; name = FacebookSDK.framework; path = ../../Documents/FacebookSDK/FacebookSDK.framework; sourceTree = "<group>"; };
		1E4CBC991860025800B9D20A /* TabViewController.h */ = {isa = PBXFileReference; fileEncoding = 4; lastKnownFileType = sourcecode.c.h; path = TabViewController.h; sourceTree = "<group>"; };
		1E4CBC9A1860025800B9D20A /* TabViewController.m */ = {isa = PBXFileReference; fileEncoding = 4; lastKnownFileType = sourcecode.c.objc; path = TabViewController.m; sourceTree = "<group>"; };
		1E4D266A1846408200189C07 /* IndividualCell.h */ = {isa = PBXFileReference; fileEncoding = 4; lastKnownFileType = sourcecode.c.h; path = IndividualCell.h; sourceTree = "<group>"; };
		1E4D266B1846408200189C07 /* IndividualCell.m */ = {isa = PBXFileReference; fileEncoding = 4; lastKnownFileType = sourcecode.c.objc; path = IndividualCell.m; sourceTree = "<group>"; };
		1E56FB311840ACB3006B26DF /* TeamInfoViewController.h */ = {isa = PBXFileReference; fileEncoding = 4; lastKnownFileType = sourcecode.c.h; path = TeamInfoViewController.h; sourceTree = "<group>"; };
		1E56FB321840ACB3006B26DF /* TeamInfoViewController.m */ = {isa = PBXFileReference; fileEncoding = 4; lastKnownFileType = sourcecode.c.objc; path = TeamInfoViewController.m; sourceTree = "<group>"; };
		1E56FB341840B23A006B26DF /* FlipsideViewController.h */ = {isa = PBXFileReference; fileEncoding = 4; lastKnownFileType = sourcecode.c.h; path = FlipsideViewController.h; sourceTree = "<group>"; };
		1E56FB351840B23A006B26DF /* FlipsideViewController.m */ = {isa = PBXFileReference; fileEncoding = 4; lastKnownFileType = sourcecode.c.objc; path = FlipsideViewController.m; sourceTree = "<group>"; };
		1E56FB371840EC86006B26DF /* ImgPhotoProtocols.h */ = {isa = PBXFileReference; lastKnownFileType = sourcecode.c.h; path = ImgPhotoProtocols.h; sourceTree = "<group>"; };
		1E713390184567DC00A0A73B /* RankingCell.h */ = {isa = PBXFileReference; fileEncoding = 4; lastKnownFileType = sourcecode.c.h; path = RankingCell.h; sourceTree = "<group>"; };
		1E713391184567DC00A0A73B /* RankingCell.m */ = {isa = PBXFileReference; fileEncoding = 4; lastKnownFileType = sourcecode.c.objc; path = RankingCell.m; sourceTree = "<group>"; };
		1E73D67618485674002FB1AA /* libc++.dylib */ = {isa = PBXFileReference; lastKnownFileType = "compiled.mach-o.dylib"; name = "libc++.dylib"; path = "usr/lib/libc++.dylib"; sourceTree = SDKROOT; };
		1E946BC818370AC8003C74C0 /* MainMenuViewController_iPhone.storyboard */ = {isa = PBXFileReference; fileEncoding = 4; lastKnownFileType = file.storyboard; name = MainMenuViewController_iPhone.storyboard; path = ../MainMenuViewController_iPhone.storyboard; sourceTree = "<group>"; };
		1E946BCD183736B6003C74C0 /* MainMenuViewController.h */ = {isa = PBXFileReference; fileEncoding = 4; lastKnownFileType = sourcecode.c.h; path = MainMenuViewController.h; sourceTree = "<group>"; };
		1E946BCE183736B6003C74C0 /* MainMenuViewController.m */ = {isa = PBXFileReference; fileEncoding = 4; lastKnownFileType = sourcecode.c.objc; path = MainMenuViewController.m; sourceTree = "<group>"; };
		1E95BFD4184F3E4C00CB7733 /* FinishViewController.h */ = {isa = PBXFileReference; fileEncoding = 4; lastKnownFileType = sourcecode.c.h; path = FinishViewController.h; sourceTree = "<group>"; };
		1E95BFD5184F3E4C00CB7733 /* FinishViewController.m */ = {isa = PBXFileReference; fileEncoding = 4; lastKnownFileType = sourcecode.c.objc; path = FinishViewController.m; sourceTree = "<group>"; };
		1E9F6C8818363E260062147B /* MainMenuViewController_iPad.storyboard */ = {isa = PBXFileReference; fileEncoding = 4; lastKnownFileType = file.storyboard; path = MainMenuViewController_iPad.storyboard; sourceTree = "<group>"; };
		1E9F6C8A1836455E0062147B /* FBChallengeViewController.h */ = {isa = PBXFileReference; fileEncoding = 4; lastKnownFileType = sourcecode.c.h; path = FBChallengeViewController.h; sourceTree = "<group>"; };
		1E9F6C8B1836455E0062147B /* FBChallengeViewController.m */ = {isa = PBXFileReference; fileEncoding = 4; lastKnownFileType = sourcecode.c.objc; path = FBChallengeViewController.m; sourceTree = "<group>"; };
		1EA0C61D18432001008B63BC /* IndividualRankViewController.h */ = {isa = PBXFileReference; fileEncoding = 4; lastKnownFileType = sourcecode.c.h; name = IndividualRankViewController.h; path = ../IndividualRankViewController.h; sourceTree = "<group>"; };
		1EA0C61E18432001008B63BC /* IndividualRankViewController.m */ = {isa = PBXFileReference; fileEncoding = 4; lastKnownFileType = sourcecode.c.objc; name = IndividualRankViewController.m; path = ../IndividualRankViewController.m; sourceTree = "<group>"; };
		1EADE343183CBA0300E98779 /* KYCircleMenu.h */ = {isa = PBXFileReference; fileEncoding = 4; lastKnownFileType = sourcecode.c.h; path = KYCircleMenu.h; sourceTree = "<group>"; };
		1EADE344183CBA0300E98779 /* KYCircleMenu.m */ = {isa = PBXFileReference; fileEncoding = 4; lastKnownFileType = sourcecode.c.objc; path = KYCircleMenu.m; sourceTree = "<group>"; };
		1EADE346183CBAC900E98779 /* Constants.h */ = {isa = PBXFileReference; fileEncoding = 4; lastKnownFileType = sourcecode.c.h; path = Constants.h; sourceTree = "<group>"; };
		1EADE347183CBAC900E98779 /* Constants.m */ = {isa = PBXFileReference; fileEncoding = 4; lastKnownFileType = sourcecode.c.objc; path = Constants.m; sourceTree = "<group>"; };
		1EADE34A183CBF7400E98779 /* KYICircleMenuCenterButton.png */ = {isa = PBXFileReference; lastKnownFileType = image.png; path = KYICircleMenuCenterButton.png; sourceTree = "<group>"; };
		1EADE34B183CBF7400E98779 /* KYICircleMenuCenterButton@2x.png */ = {isa = PBXFileReference; lastKnownFileType = image.png; path = "KYICircleMenuCenterButton@2x.png"; sourceTree = "<group>"; };
		1EADE34C183CBF7400E98779 /* KYICircleMenuCenterButtonBackground.png */ = {isa = PBXFileReference; lastKnownFileType = image.png; path = KYICircleMenuCenterButtonBackground.png; sourceTree = "<group>"; };
		1EADE34D183CBF7400E98779 /* KYICircleMenuCenterButtonBackground@2x.png */ = {isa = PBXFileReference; lastKnownFileType = image.png; path = "KYICircleMenuCenterButtonBackground@2x.png"; sourceTree = "<group>"; };
		1EADE34E183CBF7400E98779 /* KYICircleMenuButton01.png */ = {isa = PBXFileReference; lastKnownFileType = image.png; path = KYICircleMenuButton01.png; sourceTree = "<group>"; };
		1EADE34F183CBF7400E98779 /* KYICircleMenuButton01@2x.png */ = {isa = PBXFileReference; lastKnownFileType = image.png; path = "KYICircleMenuButton01@2x.png"; sourceTree = "<group>"; };
		1EADE350183CBF7400E98779 /* KYICircleMenuButton02.png */ = {isa = PBXFileReference; lastKnownFileType = image.png; path = KYICircleMenuButton02.png; sourceTree = "<group>"; };
		1EADE351183CBF7400E98779 /* KYICircleMenuButton02@2x.png */ = {isa = PBXFileReference; lastKnownFileType = image.png; path = "KYICircleMenuButton02@2x.png"; sourceTree = "<group>"; };
		1EADE352183CBF7400E98779 /* KYICircleMenuButton03.png */ = {isa = PBXFileReference; lastKnownFileType = image.png; path = KYICircleMenuButton03.png; sourceTree = "<group>"; };
		1EADE353183CBF7400E98779 /* KYICircleMenuButton03@2x.png */ = {isa = PBXFileReference; lastKnownFileType = image.png; path = "KYICircleMenuButton03@2x.png"; sourceTree = "<group>"; };
		1EADE354183CBF7400E98779 /* KYICircleMenuButton04.png */ = {isa = PBXFileReference; lastKnownFileType = image.png; path = KYICircleMenuButton04.png; sourceTree = "<group>"; };
		1EADE355183CBF7400E98779 /* KYICircleMenuButton04@2x.png */ = {isa = PBXFileReference; lastKnownFileType = image.png; path = "KYICircleMenuButton04@2x.png"; sourceTree = "<group>"; };
		1EADE356183CBF7400E98779 /* KYICircleMenuButton05.png */ = {isa = PBXFileReference; lastKnownFileType = image.png; path = KYICircleMenuButton05.png; sourceTree = "<group>"; };
		1EADE357183CBF7400E98779 /* KYICircleMenuButton05@2x.png */ = {isa = PBXFileReference; lastKnownFileType = image.png; path = "KYICircleMenuButton05@2x.png"; sourceTree = "<group>"; };
		1EADE358183CBF7400E98779 /* KYICircleMenuButton06.png */ = {isa = PBXFileReference; lastKnownFileType = image.png; path = KYICircleMenuButton06.png; sourceTree = "<group>"; };
		1EADE359183CBF7400E98779 /* KYICircleMenuButton06@2x.png */ = {isa = PBXFileReference; lastKnownFileType = image.png; path = "KYICircleMenuButton06@2x.png"; sourceTree = "<group>"; };
		1EADE36A183CC5F000E98779 /* FBCNavigationController.h */ = {isa = PBXFileReference; fileEncoding = 4; lastKnownFileType = sourcecode.c.h; path = FBCNavigationController.h; sourceTree = "<group>"; };
		1EADE36B183CC5F000E98779 /* FBCNavigationController.m */ = {isa = PBXFileReference; fileEncoding = 4; lastKnownFileType = sourcecode.c.objc; path = FBCNavigationController.m; sourceTree = "<group>"; };
		1EAF9144184C8015007BE78E /* WebViewController.h */ = {isa = PBXFileReference; fileEncoding = 4; lastKnownFileType = sourcecode.c.h; path = WebViewController.h; sourceTree = "<group>"; };
		1EAF9145184C8015007BE78E /* WebViewController.m */ = {isa = PBXFileReference; fileEncoding = 4; lastKnownFileType = sourcecode.c.objc; path = WebViewController.m; sourceTree = "<group>"; };
		1EAFC8D2184DF3FD00346B77 /* step1.png */ = {isa = PBXFileReference; lastKnownFileType = image.png; path = step1.png; sourceTree = "<group>"; };
		1EAFC8D3184DF3FD00346B77 /* step1@2x.png */ = {isa = PBXFileReference; lastKnownFileType = image.png; path = "step1@2x.png"; sourceTree = "<group>"; };
		1EAFC8D4184DF3FD00346B77 /* step2.png */ = {isa = PBXFileReference; lastKnownFileType = image.png; path = step2.png; sourceTree = "<group>"; };
		1EAFC8D5184DF3FD00346B77 /* step2@2x.png */ = {isa = PBXFileReference; lastKnownFileType = image.png; path = "step2@2x.png"; sourceTree = "<group>"; };
		1EAFC8D6184DF3FD00346B77 /* step3.png */ = {isa = PBXFileReference; lastKnownFileType = image.png; path = step3.png; sourceTree = "<group>"; };
		1EAFC8D7184DF3FD00346B77 /* step3@2x.png */ = {isa = PBXFileReference; lastKnownFileType = image.png; path = "step3@2x.png"; sourceTree = "<group>"; };
		1EAFC8D8184DF3FD00346B77 /* step4.png */ = {isa = PBXFileReference; lastKnownFileType = image.png; path = step4.png; sourceTree = "<group>"; };
		1EAFC8D9184DF3FD00346B77 /* step4@2x.png */ = {isa = PBXFileReference; lastKnownFileType = image.png; path = "step4@2x.png"; sourceTree = "<group>"; };
		1EAFC8DA184DF3FD00346B77 /* step5.png */ = {isa = PBXFileReference; lastKnownFileType = image.png; path = step5.png; sourceTree = "<group>"; };
		1EAFC8DB184DF3FD00346B77 /* step5@2x.png */ = {isa = PBXFileReference; lastKnownFileType = image.png; path = "step5@2x.png"; sourceTree = "<group>"; };
		1EAFC8DC184DF3FD00346B77 /* step6.png */ = {isa = PBXFileReference; lastKnownFileType = image.png; path = step6.png; sourceTree = "<group>"; };
		1EAFC8DD184DF3FD00346B77 /* step6@2x.png */ = {isa = PBXFileReference; lastKnownFileType = image.png; path = "step6@2x.png"; sourceTree = "<group>"; };
		1EAFC8DE184DF3FD00346B77 /* step7.png */ = {isa = PBXFileReference; lastKnownFileType = image.png; path = step7.png; sourceTree = "<group>"; };
		1EAFC8DF184DF3FD00346B77 /* step7@2x.png */ = {isa = PBXFileReference; lastKnownFileType = image.png; path = "step7@2x.png"; sourceTree = "<group>"; };
		1EAFC8E0184DF3FD00346B77 /* step8.png */ = {isa = PBXFileReference; lastKnownFileType = image.png; path = step8.png; sourceTree = "<group>"; };
		1EAFC8E1184DF3FD00346B77 /* step8@2x.png */ = {isa = PBXFileReference; lastKnownFileType = image.png; path = "step8@2x.png"; sourceTree = "<group>"; };
		1EAFDF381856D3FA009F13E6 /* SplitViewController.h */ = {isa = PBXFileReference; fileEncoding = 4; lastKnownFileType = sourcecode.c.h; path = SplitViewController.h; sourceTree = "<group>"; };
		1EAFDF391856D3FA009F13E6 /* SplitViewController.m */ = {isa = PBXFileReference; fileEncoding = 4; lastKnownFileType = sourcecode.c.objc; path = SplitViewController.m; sourceTree = "<group>"; };
		1EB136221860494700F7FBA3 /* MySideViewController.h */ = {isa = PBXFileReference; fileEncoding = 4; lastKnownFileType = sourcecode.c.h; path = MySideViewController.h; sourceTree = "<group>"; };
		1EB136231860494700F7FBA3 /* MySideViewController.m */ = {isa = PBXFileReference; fileEncoding = 4; lastKnownFileType = sourcecode.c.objc; path = MySideViewController.m; sourceTree = "<group>"; };
		1EB4E8EC183E28E400B2B25E /* CoreLocation.framework */ = {isa = PBXFileReference; lastKnownFileType = wrapper.framework; name = CoreLocation.framework; path = System/Library/Frameworks/CoreLocation.framework; sourceTree = SDKROOT; };
		1EB4E8EE183E294A00B2B25E /* FriendViewController.h */ = {isa = PBXFileReference; fileEncoding = 4; lastKnownFileType = sourcecode.c.h; path = FriendViewController.h; sourceTree = "<group>"; };
		1EB4E8EF183E294A00B2B25E /* FriendViewController.m */ = {isa = PBXFileReference; fileEncoding = 4; lastKnownFileType = sourcecode.c.objc; path = FriendViewController.m; sourceTree = "<group>"; };
		1EB4E8F1183E2E5F00B2B25E /* OGProtocols.h */ = {isa = PBXFileReference; lastKnownFileType = sourcecode.c.h; path = OGProtocols.h; sourceTree = "<group>"; };
		1EB4EE6018557CCB00A07919 /* CompCell.h */ = {isa = PBXFileReference; fileEncoding = 4; lastKnownFileType = sourcecode.c.h; path = CompCell.h; sourceTree = "<group>"; };
		1EB4EE6118557CCB00A07919 /* CompCell.m */ = {isa = PBXFileReference; fileEncoding = 4; lastKnownFileType = sourcecode.c.objc; path = CompCell.m; sourceTree = "<group>"; };
		1EB5E1B91846FAFF00CCF47E /* TeamRankCell.h */ = {isa = PBXFileReference; fileEncoding = 4; lastKnownFileType = sourcecode.c.h; path = TeamRankCell.h; sourceTree = "<group>"; };
		1EB5E1BA1846FAFF00CCF47E /* TeamRankCell.m */ = {isa = PBXFileReference; fileEncoding = 4; lastKnownFileType = sourcecode.c.objc; path = TeamRankCell.m; sourceTree = "<group>"; };
		1EB901A7183A400A0043838E /* UserProfileViewController.h */ = {isa = PBXFileReference; fileEncoding = 4; lastKnownFileType = sourcecode.c.h; path = UserProfileViewController.h; sourceTree = "<group>"; };
		1EB901A8183A400A0043838E /* UserProfileViewController.m */ = {isa = PBXFileReference; fileEncoding = 4; lastKnownFileType = sourcecode.c.objc; path = UserProfileViewController.m; sourceTree = "<group>"; };
		1EC2696E1839F15900272E14 /* SCProtocols.h */ = {isa = PBXFileReference; fileEncoding = 4; lastKnownFileType = sourcecode.c.h; path = SCProtocols.h; sourceTree = "<group>"; };
		1EC2696F1839F1CC00272E14 /* FBUserSettingsViewResources.bundle */ = {isa = PBXFileReference; lastKnownFileType = "wrapper.plug-in"; path = FBUserSettingsViewResources.bundle; sourceTree = "<group>"; };
		1EC564F41848B1DF0086B399 /* libobjc.dylib */ = {isa = PBXFileReference; lastKnownFileType = "compiled.mach-o.dylib"; name = libobjc.dylib; path = usr/lib/libobjc.dylib; sourceTree = SDKROOT; };
		1EC564F81848B9F50086B399 /* GoogleMaps.framework */ = {isa = PBXFileReference; lastKnownFileType = wrapper.framework; path = GoogleMaps.framework; sourceTree = "<group>"; };
		1EC564FA1848BA230086B399 /* GoogleMaps.bundle */ = {isa = PBXFileReference; lastKnownFileType = "wrapper.plug-in"; name = GoogleMaps.bundle; path = "../../Downloads/GoogleMaps-iOS-1.6.0/GoogleMaps.framework/Versions/A/Resources/GoogleMaps.bundle"; sourceTree = "<group>"; };
		1EC7274A1849BA0800527CC0 /* Waltham.gpx */ = {isa = PBXFileReference; lastKnownFileType = text.xml; path = Waltham.gpx; sourceTree = "<group>"; };
		1EF4CD76184B062600C6AF9E /* tablogo.png */ = {isa = PBXFileReference; lastKnownFileType = image.png; path = tablogo.png; sourceTree = "<group>"; };
		1EF4CD79184B0A8F00C6AF9E /* home.png */ = {isa = PBXFileReference; lastKnownFileType = image.png; path = home.png; sourceTree = "<group>"; };
		1EF4CD7A184B0A8F00C6AF9E /* home@2x.png */ = {isa = PBXFileReference; lastKnownFileType = image.png; path = "home@2x.png"; sourceTree = "<group>"; };
		1EF4CD7B184B0A8F00C6AF9E /* home_selected.png */ = {isa = PBXFileReference; lastKnownFileType = image.png; path = home_selected.png; sourceTree = "<group>"; };
		1EF4CD7C184B0A8F00C6AF9E /* home_selected@2x.png */ = {isa = PBXFileReference; lastKnownFileType = image.png; path = "home_selected@2x.png"; sourceTree = "<group>"; };
		1EF4CD7D184B0A8F00C6AF9E /* maps.png */ = {isa = PBXFileReference; lastKnownFileType = image.png; path = maps.png; sourceTree = "<group>"; };
		1EF4CD7E184B0A8F00C6AF9E /* maps@2x.png */ = {isa = PBXFileReference; lastKnownFileType = image.png; path = "maps@2x.png"; sourceTree = "<group>"; };
		1EF4CD7F184B0A8F00C6AF9E /* maps_selected.png */ = {isa = PBXFileReference; lastKnownFileType = image.png; path = maps_selected.png; sourceTree = "<group>"; };
		1EF4CD80184B0A8F00C6AF9E /* maps_selected@2x.png */ = {isa = PBXFileReference; lastKnownFileType = image.png; path = "maps_selected@2x.png"; sourceTree = "<group>"; };
		1EF4CD81184B0A8F00C6AF9E /* myplan.png */ = {isa = PBXFileReference; lastKnownFileType = image.png; path = myplan.png; sourceTree = "<group>"; };
		1EF4CD82184B0A8F00C6AF9E /* myplan@2x.png */ = {isa = PBXFileReference; lastKnownFileType = image.png; path = "myplan@2x.png"; sourceTree = "<group>"; };
		1EF4CD83184B0A8F00C6AF9E /* myplan_selected.png */ = {isa = PBXFileReference; lastKnownFileType = image.png; path = myplan_selected.png; sourceTree = "<group>"; };
		1EF4CD84184B0A8F00C6AF9E /* myplan_selected@2x.png */ = {isa = PBXFileReference; lastKnownFileType = image.png; path = "myplan_selected@2x.png"; sourceTree = "<group>"; };
		1EF4CD85184B0A8F00C6AF9E /* settings.png */ = {isa = PBXFileReference; lastKnownFileType = image.png; path = settings.png; sourceTree = "<group>"; };
		1EF4CD86184B0A8F00C6AF9E /* settings@2x.png */ = {isa = PBXFileReference; lastKnownFileType = image.png; path = "settings@2x.png"; sourceTree = "<group>"; };
		1EF4CD87184B0A8F00C6AF9E /* settings_selected.png */ = {isa = PBXFileReference; lastKnownFileType = image.png; path = settings_selected.png; sourceTree = "<group>"; };
		1EF4CD88184B0A8F00C6AF9E /* settings_selected@2x.png */ = {isa = PBXFileReference; lastKnownFileType = image.png; path = "settings_selected@2x.png"; sourceTree = "<group>"; };
		1EF4CD89184B0A8F00C6AF9E /* tabbar.png */ = {isa = PBXFileReference; lastKnownFileType = image.png; path = tabbar.png; sourceTree = "<group>"; };
		1EF4CD8A184B0A8F00C6AF9E /* tabbar@2x.png */ = {isa = PBXFileReference; lastKnownFileType = image.png; path = "tabbar@2x.png"; sourceTree = "<group>"; };
		1EF4CD8B184B0A8F00C6AF9E /* tabbar_selected.png */ = {isa = PBXFileReference; lastKnownFileType = image.png; path = tabbar_selected.png; sourceTree = "<group>"; };
		1EF4CD8C184B0A8F00C6AF9E /* tabbar_selected@2x.png */ = {isa = PBXFileReference; lastKnownFileType = image.png; path = "tabbar_selected@2x.png"; sourceTree = "<group>"; };
		1EF4CDA1184B0E8200C6AF9E /* MainCell.h */ = {isa = PBXFileReference; fileEncoding = 4; lastKnownFileType = sourcecode.c.h; path = MainCell.h; sourceTree = "<group>"; };
		1EF4CDA2184B0E8200C6AF9E /* MainCell.m */ = {isa = PBXFileReference; fileEncoding = 4; lastKnownFileType = sourcecode.c.objc; path = MainCell.m; sourceTree = "<group>"; };
		1EF61F7B183CDD6C00D73173 /* RouteTracingViewController.h */ = {isa = PBXFileReference; fileEncoding = 4; lastKnownFileType = sourcecode.c.h; path = RouteTracingViewController.h; sourceTree = "<group>"; };
		1EF61F7C183CDD6C00D73173 /* RouteTracingViewController.m */ = {isa = PBXFileReference; fileEncoding = 4; lastKnownFileType = sourcecode.c.objc; path = RouteTracingViewController.m; sourceTree = "<group>"; };
		1EFB199B1848BFF1007F8158 /* tracktivity_logo_a.png */ = {isa = PBXFileReference; lastKnownFileType = image.png; path = tracktivity_logo_a.png; sourceTree = "<group>"; };
		1EFB199C1848BFF1007F8158 /* tracktivity_logo_a_m.png */ = {isa = PBXFileReference; lastKnownFileType = image.png; path = tracktivity_logo_a_m.png; sourceTree = "<group>"; };
		1EFB199D1848BFF1007F8158 /* tracktivity_logo_a_r.png */ = {isa = PBXFileReference; lastKnownFileType = image.png; path = tracktivity_logo_a_r.png; sourceTree = "<group>"; };
		1EFB199E1848BFF1007F8158 /* tracktivity_logo_b.png */ = {isa = PBXFileReference; lastKnownFileType = image.png; path = tracktivity_logo_b.png; sourceTree = "<group>"; };
		1EFB199F1848BFF1007F8158 /* tracktivity_logo_b_m.png */ = {isa = PBXFileReference; lastKnownFileType = image.png; path = tracktivity_logo_b_m.png; sourceTree = "<group>"; };
		1EFB19A01848BFF1007F8158 /* tracktivity_logo_b_r.png */ = {isa = PBXFileReference; lastKnownFileType = image.png; path = tracktivity_logo_b_r.png; sourceTree = "<group>"; };
/* End PBXFileReference section */

/* Begin PBXFrameworksBuildPhase section */
		1E2F77E41835CAA600EB65E3 /* Frameworks */ = {
			isa = PBXFrameworksBuildPhase;
			buildActionMask = 2147483647;
			files = (
				1EC564F91848B9F50086B399 /* GoogleMaps.framework in Frameworks */,
				1EC564F51848B1DF0086B399 /* libobjc.dylib in Frameworks */,
				1E083BA11847A94600B45650 /* CoreFoundation.framework in Frameworks */,
				1E083B9D1847929A00B45650 /* SystemConfiguration.framework in Frameworks */,
				1E083B9B1847928B00B45650 /* QuartzCore.framework in Frameworks */,
				1E083B991847928000B45650 /* OpenGLES.framework in Frameworks */,
				1E083B97184791BA00B45650 /* libz.dylib in Frameworks */,
				1E083B95184791AE00B45650 /* libicucore.dylib in Frameworks */,
				1E73D67718485674002FB1AA /* libc++.dylib in Frameworks */,
				1E083B911847919200B45650 /* ImageIO.framework in Frameworks */,
				1E083B8F1847918B00B45650 /* GLKit.framework in Frameworks */,
				1E083B8B1847917900B45650 /* CoreData.framework in Frameworks */,
				1EB4E8ED183E28E400B2B25E /* CoreLocation.framework in Frameworks */,
				1E083B8D1847918300B45650 /* CoreText.framework in Frameworks */,
				1E083B891847917100B45650 /* AVFoundation.framework in Frameworks */,
				1E2F77EF1835CAA600EB65E3 /* UIKit.framework in Frameworks */,
				1E2F77EB1835CAA600EB65E3 /* Foundation.framework in Frameworks */,
				1E2F78301835F91300EB65E3 /* FacebookSDK.framework in Frameworks */,
				1E2F77ED1835CAA600EB65E3 /* CoreGraphics.framework in Frameworks */,
			);
			runOnlyForDeploymentPostprocessing = 0;
		};
		1E2F78081835CAA600EB65E3 /* Frameworks */ = {
			isa = PBXFrameworksBuildPhase;
			buildActionMask = 2147483647;
			files = (
				1E2F780D1835CAA600EB65E3 /* XCTest.framework in Frameworks */,
				1E2F780F1835CAA600EB65E3 /* UIKit.framework in Frameworks */,
				1E2F780E1835CAA600EB65E3 /* Foundation.framework in Frameworks */,
			);
			runOnlyForDeploymentPostprocessing = 0;
		};
/* End PBXFrameworksBuildPhase section */

/* Begin PBXGroup section */
		1E2F77DE1835CAA600EB65E3 = {
			isa = PBXGroup;
			children = (
				1EADE342183CB9E300E98779 /* KYCircleMenu */,
				1E2F77F01835CAA600EB65E3 /* FitBitChallenge */,
				1E2F78121835CAA600EB65E3 /* FitBitChallengeTests */,
				1E2F77E91835CAA600EB65E3 /* Frameworks */,
				1E2F77E81835CAA600EB65E3 /* Products */,
			);
			sourceTree = "<group>";
		};
		1E2F77E81835CAA600EB65E3 /* Products */ = {
			isa = PBXGroup;
			children = (
				1E2F77E71835CAA600EB65E3 /* FitBitChallenge.app */,
				1E2F780B1835CAA600EB65E3 /* FitBitChallengeTests.xctest */,
			);
			name = Products;
			sourceTree = "<group>";
		};
		1E2F77E91835CAA600EB65E3 /* Frameworks */ = {
			isa = PBXGroup;
			children = (
				1EC564FA1848BA230086B399 /* GoogleMaps.bundle */,
				1EC564F81848B9F50086B399 /* GoogleMaps.framework */,
				1EC564F41848B1DF0086B399 /* libobjc.dylib */,
				1EB4E8EC183E28E400B2B25E /* CoreLocation.framework */,
				1E083BA01847A94600B45650 /* CoreFoundation.framework */,
				1E083B9C1847929A00B45650 /* SystemConfiguration.framework */,
				1E083B9A1847928B00B45650 /* QuartzCore.framework */,
				1E083B981847928000B45650 /* OpenGLES.framework */,
				1E083B96184791BA00B45650 /* libz.dylib */,
				1E083B94184791AE00B45650 /* libicucore.dylib */,
				1E73D67618485674002FB1AA /* libc++.dylib */,
				1E083B901847919200B45650 /* ImageIO.framework */,
				1E083B8E1847918B00B45650 /* GLKit.framework */,
				1E083B8C1847918300B45650 /* CoreText.framework */,
				1E083B8A1847917800B45650 /* CoreData.framework */,
				1E083B881847917100B45650 /* AVFoundation.framework */,
				1EC2696F1839F1CC00272E14 /* FBUserSettingsViewResources.bundle */,
				1E2F782F1835F91300EB65E3 /* FacebookSDK.framework */,
				1E2F77EA1835CAA600EB65E3 /* Foundation.framework */,
				1E2F77EC1835CAA600EB65E3 /* CoreGraphics.framework */,
				1E2F77EE1835CAA600EB65E3 /* UIKit.framework */,
				1E2F780C1835CAA600EB65E3 /* XCTest.framework */,
			);
			name = Frameworks;
			sourceTree = "<group>";
		};
		1E2F77F01835CAA600EB65E3 /* FitBitChallenge */ = {
			isa = PBXGroup;
			children = (
				1EB4E8F1183E2E5F00B2B25E /* OGProtocols.h */,
				1EC2696E1839F15900272E14 /* SCProtocols.h */,
				1E56FB371840EC86006B26DF /* ImgPhotoProtocols.h */,
				1E2F77F91835CAA600EB65E3 /* SLAppDelegate.h */,
				1E2F77FA1835CAA600EB65E3 /* SLAppDelegate.m */,
				1E2F78281835F42F00EB65E3 /* SLViewController.h */,
				1E2F78291835F42F00EB65E3 /* SLViewController.m */,
				1E946BCD183736B6003C74C0 /* MainMenuViewController.h */,
				1E946BCE183736B6003C74C0 /* MainMenuViewController.m */,
				1EB136221860494700F7FBA3 /* MySideViewController.h */,
				1EB136231860494700F7FBA3 /* MySideViewController.m */,
				1E9F6C8A1836455E0062147B /* FBChallengeViewController.h */,
				1E9F6C8B1836455E0062147B /* FBChallengeViewController.m */,
				1E56FB341840B23A006B26DF /* FlipsideViewController.h */,
				1E56FB351840B23A006B26DF /* FlipsideViewController.m */,
				1E4CBC991860025800B9D20A /* TabViewController.h */,
				1E4CBC9A1860025800B9D20A /* TabViewController.m */,
				1EADE36A183CC5F000E98779 /* FBCNavigationController.h */,
				1EADE36B183CC5F000E98779 /* FBCNavigationController.m */,
				1EAFDF381856D3FA009F13E6 /* SplitViewController.h */,
				1EAFDF391856D3FA009F13E6 /* SplitViewController.m */,
				1EF61F7B183CDD6C00D73173 /* RouteTracingViewController.h */,
				1EF61F7C183CDD6C00D73173 /* RouteTracingViewController.m */,
				1E95BFD4184F3E4C00CB7733 /* FinishViewController.h */,
				1E95BFD5184F3E4C00CB7733 /* FinishViewController.m */,
				1EB901A7183A400A0043838E /* UserProfileViewController.h */,
				1EB901A8183A400A0043838E /* UserProfileViewController.m */,
				1EA0C61D18432001008B63BC /* IndividualRankViewController.h */,
				1EA0C61E18432001008B63BC /* IndividualRankViewController.m */,
				1EB4E8EE183E294A00B2B25E /* FriendViewController.h */,
				1EB4E8EF183E294A00B2B25E /* FriendViewController.m */,
				1E56FB311840ACB3006B26DF /* TeamInfoViewController.h */,
				1E56FB321840ACB3006B26DF /* TeamInfoViewController.m */,
				1EAF9144184C8015007BE78E /* WebViewController.h */,
				1EAF9145184C8015007BE78E /* WebViewController.m */,
				1E946BC818370AC8003C74C0 /* MainMenuViewController_iPhone.storyboard */,
				1E9F6C8818363E260062147B /* MainMenuViewController_iPad.storyboard */,
				1E2F78051835CAA600EB65E3 /* Images.xcassets */,
				1E2F77F11835CAA600EB65E3 /* Supporting Files */,
			);
			path = FitBitChallenge;
			sourceTree = "<group>";
		};
		1E2F77F11835CAA600EB65E3 /* Supporting Files */ = {
			isa = PBXGroup;
			children = (
				1EC7274A1849BA0800527CC0 /* Waltham.gpx */,
				1EF4CDA1184B0E8200C6AF9E /* MainCell.h */,
				1EF4CDA2184B0E8200C6AF9E /* MainCell.m */,
				1EB5E1B91846FAFF00CCF47E /* TeamRankCell.h */,
				1EB5E1BA1846FAFF00CCF47E /* TeamRankCell.m */,
				1E4D266A1846408200189C07 /* IndividualCell.h */,
				1E4D266B1846408200189C07 /* IndividualCell.m */,
				1E713390184567DC00A0A73B /* RankingCell.h */,
				1E713391184567DC00A0A73B /* RankingCell.m */,
				1EB4EE6018557CCB00A07919 /* CompCell.h */,
				1EB4EE6118557CCB00A07919 /* CompCell.m */,
				1EADE349183CBF5D00E98779 /* Images */,
				1E2F77F21835CAA600EB65E3 /* FitBitChallenge-Info.plist */,
				1E2F77F31835CAA600EB65E3 /* InfoPlist.strings */,
				1E2F77F61835CAA600EB65E3 /* main.m */,
				1E2F77F81835CAA600EB65E3 /* FitBitChallenge-Prefix.pch */,
			);
			name = "Supporting Files";
			sourceTree = "<group>";
		};
		1E2F78121835CAA600EB65E3 /* FitBitChallengeTests */ = {
			isa = PBXGroup;
			children = (
				1E2F78181835CAA600EB65E3 /* FitBitChallengeTests.m */,
				1E2F78131835CAA600EB65E3 /* Supporting Files */,
			);
			path = FitBitChallengeTests;
			sourceTree = "<group>";
		};
		1E2F78131835CAA600EB65E3 /* Supporting Files */ = {
			isa = PBXGroup;
			children = (
				1E2F78141835CAA600EB65E3 /* FitBitChallengeTests-Info.plist */,
				1E2F78151835CAA600EB65E3 /* InfoPlist.strings */,
			);
			name = "Supporting Files";
			sourceTree = "<group>";
		};
		1EADE342183CB9E300E98779 /* KYCircleMenu */ = {
			isa = PBXGroup;
			children = (
				1EADE343183CBA0300E98779 /* KYCircleMenu.h */,
				1EADE344183CBA0300E98779 /* KYCircleMenu.m */,
				1EADE346183CBAC900E98779 /* Constants.h */,
				1EADE347183CBAC900E98779 /* Constants.m */,
			);
			name = KYCircleMenu;
			path = FitBitChallenge;
			sourceTree = "<group>";
		};
		1EADE349183CBF5D00E98779 /* Images */ = {
			isa = PBXGroup;
			children = (
				1EAFC8D1184DF3E000346B77 /* walker */,
				1EF4CD78184B0A8F00C6AF9E /* custom-tab-app-images */,
				1EFB199A1848BFF1007F8158 /* tracktivity_logo */,
				1EADE34A183CBF7400E98779 /* KYICircleMenuCenterButton.png */,
				1EADE34B183CBF7400E98779 /* KYICircleMenuCenterButton@2x.png */,
				1EADE34C183CBF7400E98779 /* KYICircleMenuCenterButtonBackground.png */,
				1EADE34D183CBF7400E98779 /* KYICircleMenuCenterButtonBackground@2x.png */,
				1EADE34E183CBF7400E98779 /* KYICircleMenuButton01.png */,
				1EADE34F183CBF7400E98779 /* KYICircleMenuButton01@2x.png */,
				1EADE350183CBF7400E98779 /* KYICircleMenuButton02.png */,
				1EADE351183CBF7400E98779 /* KYICircleMenuButton02@2x.png */,
				1EADE352183CBF7400E98779 /* KYICircleMenuButton03.png */,
				1EADE353183CBF7400E98779 /* KYICircleMenuButton03@2x.png */,
				1EADE354183CBF7400E98779 /* KYICircleMenuButton04.png */,
				1EADE355183CBF7400E98779 /* KYICircleMenuButton04@2x.png */,
				1EADE356183CBF7400E98779 /* KYICircleMenuButton05.png */,
				1EADE357183CBF7400E98779 /* KYICircleMenuButton05@2x.png */,
				1EADE358183CBF7400E98779 /* KYICircleMenuButton06.png */,
				1EADE359183CBF7400E98779 /* KYICircleMenuButton06@2x.png */,
			);
			name = Images;
			sourceTree = "<group>";
		};
		1EAFC8D1184DF3E000346B77 /* walker */ = {
			isa = PBXGroup;
			children = (
				1EAFC8D2184DF3FD00346B77 /* step1.png */,
				1EAFC8D3184DF3FD00346B77 /* step1@2x.png */,
				1EAFC8D4184DF3FD00346B77 /* step2.png */,
				1EAFC8D5184DF3FD00346B77 /* step2@2x.png */,
				1EAFC8D6184DF3FD00346B77 /* step3.png */,
				1EAFC8D7184DF3FD00346B77 /* step3@2x.png */,
				1EAFC8D8184DF3FD00346B77 /* step4.png */,
				1EAFC8D9184DF3FD00346B77 /* step4@2x.png */,
				1EAFC8DA184DF3FD00346B77 /* step5.png */,
				1EAFC8DB184DF3FD00346B77 /* step5@2x.png */,
				1EAFC8DC184DF3FD00346B77 /* step6.png */,
				1EAFC8DD184DF3FD00346B77 /* step6@2x.png */,
				1EAFC8DE184DF3FD00346B77 /* step7.png */,
				1EAFC8DF184DF3FD00346B77 /* step7@2x.png */,
				1EAFC8E0184DF3FD00346B77 /* step8.png */,
				1EAFC8E1184DF3FD00346B77 /* step8@2x.png */,
			);
			name = walker;
			sourceTree = "<group>";
		};
		1EF4CD78184B0A8F00C6AF9E /* custom-tab-app-images */ = {
			isa = PBXGroup;
			children = (
				1EF4CD79184B0A8F00C6AF9E /* home.png */,
				1EF4CD7A184B0A8F00C6AF9E /* home@2x.png */,
				1EF4CD7B184B0A8F00C6AF9E /* home_selected.png */,
				1EF4CD7C184B0A8F00C6AF9E /* home_selected@2x.png */,
				1EF4CD7D184B0A8F00C6AF9E /* maps.png */,
				1EF4CD7E184B0A8F00C6AF9E /* maps@2x.png */,
				1EF4CD7F184B0A8F00C6AF9E /* maps_selected.png */,
				1EF4CD80184B0A8F00C6AF9E /* maps_selected@2x.png */,
				1EF4CD81184B0A8F00C6AF9E /* myplan.png */,
				1EF4CD82184B0A8F00C6AF9E /* myplan@2x.png */,
				1EF4CD83184B0A8F00C6AF9E /* myplan_selected.png */,
				1EF4CD84184B0A8F00C6AF9E /* myplan_selected@2x.png */,
				1EF4CD85184B0A8F00C6AF9E /* settings.png */,
				1EF4CD86184B0A8F00C6AF9E /* settings@2x.png */,
				1EF4CD87184B0A8F00C6AF9E /* settings_selected.png */,
				1EF4CD88184B0A8F00C6AF9E /* settings_selected@2x.png */,
				1EF4CD89184B0A8F00C6AF9E /* tabbar.png */,
				1EF4CD8A184B0A8F00C6AF9E /* tabbar@2x.png */,
				1EF4CD8B184B0A8F00C6AF9E /* tabbar_selected.png */,
				1EF4CD8C184B0A8F00C6AF9E /* tabbar_selected@2x.png */,
			);
			path = "custom-tab-app-images";
			sourceTree = "<group>";
		};
		1EFB199A1848BFF1007F8158 /* tracktivity_logo */ = {
			isa = PBXGroup;
			children = (
				1EF4CD76184B062600C6AF9E /* tablogo.png */,
				1EFB199B1848BFF1007F8158 /* tracktivity_logo_a.png */,
				1EFB199C1848BFF1007F8158 /* tracktivity_logo_a_m.png */,
				1EFB199D1848BFF1007F8158 /* tracktivity_logo_a_r.png */,
				1EFB199E1848BFF1007F8158 /* tracktivity_logo_b.png */,
				1EFB199F1848BFF1007F8158 /* tracktivity_logo_b_m.png */,
				1EFB19A01848BFF1007F8158 /* tracktivity_logo_b_r.png */,
			);
			path = tracktivity_logo;
			sourceTree = "<group>";
		};
/* End PBXGroup section */

/* Begin PBXNativeTarget section */
		1E2F77E61835CAA600EB65E3 /* FitBitChallenge */ = {
			isa = PBXNativeTarget;
			buildConfigurationList = 1E2F781C1835CAA600EB65E3 /* Build configuration list for PBXNativeTarget "FitBitChallenge" */;
			buildPhases = (
				1E2F77E31835CAA600EB65E3 /* Sources */,
				1E2F77E41835CAA600EB65E3 /* Frameworks */,
				1E2F77E51835CAA600EB65E3 /* Resources */,
			);
			buildRules = (
			);
			dependencies = (
			);
			name = FitBitChallenge;
			productName = FitBitChallenge;
			productReference = 1E2F77E71835CAA600EB65E3 /* FitBitChallenge.app */;
			productType = "com.apple.product-type.application";
		};
		1E2F780A1835CAA600EB65E3 /* FitBitChallengeTests */ = {
			isa = PBXNativeTarget;
			buildConfigurationList = 1E2F781F1835CAA600EB65E3 /* Build configuration list for PBXNativeTarget "FitBitChallengeTests" */;
			buildPhases = (
				1E2F78071835CAA600EB65E3 /* Sources */,
				1E2F78081835CAA600EB65E3 /* Frameworks */,
				1E2F78091835CAA600EB65E3 /* Resources */,
			);
			buildRules = (
			);
			dependencies = (
				1E2F78111835CAA600EB65E3 /* PBXTargetDependency */,
			);
			name = FitBitChallengeTests;
			productName = FitBitChallengeTests;
			productReference = 1E2F780B1835CAA600EB65E3 /* FitBitChallengeTests.xctest */;
			productType = "com.apple.product-type.bundle.unit-test";
		};
/* End PBXNativeTarget section */

/* Begin PBXProject section */
		1E2F77DF1835CAA600EB65E3 /* Project object */ = {
			isa = PBXProject;
			attributes = {
				LastUpgradeCheck = 0500;
				ORGANIZATIONNAME = "李中琦";
				TargetAttributes = {
					1E2F77E61835CAA600EB65E3 = {
						DevelopmentTeam = GD39EP8V6J;
					};
					1E2F780A1835CAA600EB65E3 = {
						TestTargetID = 1E2F77E61835CAA600EB65E3;
					};
				};
			};
			buildConfigurationList = 1E2F77E21835CAA600EB65E3 /* Build configuration list for PBXProject "FitBitChallenge" */;
			compatibilityVersion = "Xcode 3.2";
			developmentRegion = English;
			hasScannedForEncodings = 0;
			knownRegions = (
				en,
				Base,
			);
			mainGroup = 1E2F77DE1835CAA600EB65E3;
			productRefGroup = 1E2F77E81835CAA600EB65E3 /* Products */;
			projectDirPath = "";
			projectRoot = "";
			targets = (
				1E2F77E61835CAA600EB65E3 /* FitBitChallenge */,
				1E2F780A1835CAA600EB65E3 /* FitBitChallengeTests */,
			);
		};
/* End PBXProject section */

/* Begin PBXResourcesBuildPhase section */
		1E2F77E51835CAA600EB65E3 /* Resources */ = {
			isa = PBXResourcesBuildPhase;
			buildActionMask = 2147483647;
			files = (
				1EF4CD94184B0A8F00C6AF9E /* maps_selected@2x.png in Resources */,
				1EAFC8E3184DF3FD00346B77 /* step1@2x.png in Resources */,
				1EAFC8E2184DF3FD00346B77 /* step1.png in Resources */,
				1EF4CD9D184B0A8F00C6AF9E /* tabbar.png in Resources */,
				1EADE364183CBF7400E98779 /* KYICircleMenuButton04.png in Resources */,
				1EF4CD93184B0A8F00C6AF9E /* maps_selected.png in Resources */,
				1EF4CDA0184B0A8F00C6AF9E /* tabbar_selected@2x.png in Resources */,
				1EFB19A11848BFF1007F8158 /* tracktivity_logo_a.png in Resources */,
				1EF4CD8E184B0A8F00C6AF9E /* home@2x.png in Resources */,
				1EC564FB1848BA230086B399 /* GoogleMaps.bundle in Resources */,
				1EF4CD96184B0A8F00C6AF9E /* myplan@2x.png in Resources */,
				1EF4CD90184B0A8F00C6AF9E /* home_selected@2x.png in Resources */,
				1E2F78061835CAA600EB65E3 /* Images.xcassets in Resources */,
				1EF4CD95184B0A8F00C6AF9E /* myplan.png in Resources */,
				1EFB19A41848BFF1007F8158 /* tracktivity_logo_b.png in Resources */,
				1EF4CD9C184B0A8F00C6AF9E /* settings_selected@2x.png in Resources */,
				1EF4CD77184B062600C6AF9E /* tablogo.png in Resources */,
				1E2F77F51835CAA600EB65E3 /* InfoPlist.strings in Resources */,
				1EADE367183CBF7400E98779 /* KYICircleMenuButton05@2x.png in Resources */,
				1EAFC8E6184DF3FD00346B77 /* step3.png in Resources */,
				1EAFC8F1184DF3FD00346B77 /* step8@2x.png in Resources */,
				1EAFC8E8184DF3FD00346B77 /* step4.png in Resources */,
				1EAFC8E5184DF3FD00346B77 /* step2@2x.png in Resources */,
				1EADE35D183CBF7400E98779 /* KYICircleMenuCenterButtonBackground@2x.png in Resources */,
				1EADE35E183CBF7400E98779 /* KYICircleMenuButton01.png in Resources */,
				1EADE365183CBF7400E98779 /* KYICircleMenuButton04@2x.png in Resources */,
				1EAFC8E9184DF3FD00346B77 /* step4@2x.png in Resources */,
				1EADE361183CBF7400E98779 /* KYICircleMenuButton02@2x.png in Resources */,
				1E946BC918370AC8003C74C0 /* MainMenuViewController_iPhone.storyboard in Resources */,
				1EAFC8E7184DF3FD00346B77 /* step3@2x.png in Resources */,
				1EADE35C183CBF7400E98779 /* KYICircleMenuCenterButtonBackground.png in Resources */,
				1EADE360183CBF7400E98779 /* KYICircleMenuButton02.png in Resources */,
				1EFB19A21848BFF1007F8158 /* tracktivity_logo_a_m.png in Resources */,
				1EF4CD92184B0A8F00C6AF9E /* maps@2x.png in Resources */,
				1EF4CD97184B0A8F00C6AF9E /* myplan_selected.png in Resources */,
				1EADE35A183CBF7400E98779 /* KYICircleMenuCenterButton.png in Resources */,
				1EADE369183CBF7400E98779 /* KYICircleMenuButton06@2x.png in Resources */,
				1EADE362183CBF7400E98779 /* KYICircleMenuButton03.png in Resources */,
				1EAFC8EE184DF3FD00346B77 /* step7.png in Resources */,
				1E9F6C8918363E260062147B /* MainMenuViewController_iPad.storyboard in Resources */,
				1EF4CD8F184B0A8F00C6AF9E /* home_selected.png in Resources */,
				1EADE35B183CBF7400E98779 /* KYICircleMenuCenterButton@2x.png in Resources */,
				1EF4CD9A184B0A8F00C6AF9E /* settings@2x.png in Resources */,
				1EF4CD91184B0A8F00C6AF9E /* maps.png in Resources */,
				1EC269701839F1CC00272E14 /* FBUserSettingsViewResources.bundle in Resources */,
				1EADE366183CBF7400E98779 /* KYICircleMenuButton05.png in Resources */,
				1EAFC8EF184DF3FD00346B77 /* step7@2x.png in Resources */,
				1EAFC8ED184DF3FD00346B77 /* step6@2x.png in Resources */,
				1EADE363183CBF7400E98779 /* KYICircleMenuButton03@2x.png in Resources */,
				1EAFC8F0184DF3FD00346B77 /* step8.png in Resources */,
				1EAFC8EA184DF3FD00346B77 /* step5.png in Resources */,
				1EAFC8EC184DF3FD00346B77 /* step6.png in Resources */,
				1EFB19A31848BFF1007F8158 /* tracktivity_logo_a_r.png in Resources */,
				1EF4CD98184B0A8F00C6AF9E /* myplan_selected@2x.png in Resources */,
				1EAFC8E4184DF3FD00346B77 /* step2.png in Resources */,
				1EF4CD99184B0A8F00C6AF9E /* settings.png in Resources */,
				1EFB19A51848BFF1007F8158 /* tracktivity_logo_b_m.png in Resources */,
				1EAFC8EB184DF3FD00346B77 /* step5@2x.png in Resources */,
				1EF4CD9E184B0A8F00C6AF9E /* tabbar@2x.png in Resources */,
				1EF4CD9F184B0A8F00C6AF9E /* tabbar_selected.png in Resources */,
				1EF4CD8D184B0A8F00C6AF9E /* home.png in Resources */,
				1EADE368183CBF7400E98779 /* KYICircleMenuButton06.png in Resources */,
				1EF4CD9B184B0A8F00C6AF9E /* settings_selected.png in Resources */,
				1EADE35F183CBF7400E98779 /* KYICircleMenuButton01@2x.png in Resources */,
				1EFB19A61848BFF1007F8158 /* tracktivity_logo_b_r.png in Resources */,
			);
			runOnlyForDeploymentPostprocessing = 0;
		};
		1E2F78091835CAA600EB65E3 /* Resources */ = {
			isa = PBXResourcesBuildPhase;
			buildActionMask = 2147483647;
			files = (
				1E2F78171835CAA600EB65E3 /* InfoPlist.strings in Resources */,
			);
			runOnlyForDeploymentPostprocessing = 0;
		};
/* End PBXResourcesBuildPhase section */

/* Begin PBXSourcesBuildPhase section */
		1E2F77E31835CAA600EB65E3 /* Sources */ = {
			isa = PBXSourcesBuildPhase;
			buildActionMask = 2147483647;
			files = (
				1E9F6C8C1836455E0062147B /* FBChallengeViewController.m in Sources */,
				1E95BFD6184F3E4C00CB7733 /* FinishViewController.m in Sources */,
				1EB4EE6218557CCB00A07919 /* CompCell.m in Sources */,
				1EB5E1BB1846FAFF00CCF47E /* TeamRankCell.m in Sources */,
				1EAF9146184C8015007BE78E /* WebViewController.m in Sources */,
				1E2F77FB1835CAA600EB65E3 /* SLAppDelegate.m in Sources */,
				1E2F77F71835CAA600EB65E3 /* main.m in Sources */,
				1E946BCF183736B6003C74C0 /* MainMenuViewController.m in Sources */,
				1E4CBC9B1860025800B9D20A /* TabViewController.m in Sources */,
				1E4D266C1846408200189C07 /* IndividualCell.m in Sources */,
				1EB4E8F0183E294A00B2B25E /* FriendViewController.m in Sources */,
				1EADE345183CBA0300E98779 /* KYCircleMenu.m in Sources */,
				1EB136241860494700F7FBA3 /* MySideViewController.m in Sources */,
				1EAFDF3A1856D3FA009F13E6 /* SplitViewController.m in Sources */,
				1EF4CDA3184B0E8200C6AF9E /* MainCell.m in Sources */,
				1E2F782B1835F42F00EB65E3 /* SLViewController.m in Sources */,
				1E713392184567DC00A0A73B /* RankingCell.m in Sources */,
				1E56FB331840ACB3006B26DF /* TeamInfoViewController.m in Sources */,
				1EADE36C183CC5F000E98779 /* FBCNavigationController.m in Sources */,
				1EA0C61F18432001008B63BC /* IndividualRankViewController.m in Sources */,
				1EB901A9183A400A0043838E /* UserProfileViewController.m in Sources */,
				1EADE348183CBAC900E98779 /* Constants.m in Sources */,
				1E56FB361840B23A006B26DF /* FlipsideViewController.m in Sources */,
				1EF61F7D183CDD6C00D73173 /* RouteTracingViewController.m in Sources */,
			);
			runOnlyForDeploymentPostprocessing = 0;
		};
		1E2F78071835CAA600EB65E3 /* Sources */ = {
			isa = PBXSourcesBuildPhase;
			buildActionMask = 2147483647;
			files = (
				1E2F78191835CAA600EB65E3 /* FitBitChallengeTests.m in Sources */,
			);
			runOnlyForDeploymentPostprocessing = 0;
		};
/* End PBXSourcesBuildPhase section */

/* Begin PBXTargetDependency section */
		1E2F78111835CAA600EB65E3 /* PBXTargetDependency */ = {
			isa = PBXTargetDependency;
			target = 1E2F77E61835CAA600EB65E3 /* FitBitChallenge */;
			targetProxy = 1E2F78101835CAA600EB65E3 /* PBXContainerItemProxy */;
		};
/* End PBXTargetDependency section */

/* Begin PBXVariantGroup section */
		1E2F77F31835CAA600EB65E3 /* InfoPlist.strings */ = {
			isa = PBXVariantGroup;
			children = (
				1E2F77F41835CAA600EB65E3 /* en */,
			);
			name = InfoPlist.strings;
			sourceTree = "<group>";
		};
		1E2F78151835CAA600EB65E3 /* InfoPlist.strings */ = {
			isa = PBXVariantGroup;
			children = (
				1E2F78161835CAA600EB65E3 /* en */,
			);
			name = InfoPlist.strings;
			sourceTree = "<group>";
		};
/* End PBXVariantGroup section */

/* Begin XCBuildConfiguration section */
		1E2F781A1835CAA600EB65E3 /* Debug */ = {
			isa = XCBuildConfiguration;
			buildSettings = {
				ALWAYS_SEARCH_USER_PATHS = NO;
				ARCHS = "$(ARCHS_STANDARD_INCLUDING_64_BIT)";
				CLANG_CXX_LANGUAGE_STANDARD = "gnu++0x";
				CLANG_CXX_LIBRARY = "libc++";
				CLANG_ENABLE_MODULES = YES;
				CLANG_ENABLE_OBJC_ARC = YES;
				CLANG_WARN_BOOL_CONVERSION = YES;
				CLANG_WARN_CONSTANT_CONVERSION = YES;
				CLANG_WARN_DIRECT_OBJC_ISA_USAGE = YES_ERROR;
				CLANG_WARN_EMPTY_BODY = YES;
				CLANG_WARN_ENUM_CONVERSION = YES;
				CLANG_WARN_INT_CONVERSION = YES;
				CLANG_WARN_OBJC_ROOT_CLASS = YES_ERROR;
				CLANG_WARN__DUPLICATE_METHOD_MATCH = YES;
				CODE_SIGN_IDENTITY = "iPhone Developer: 李 Zhongqi (AS3RVGMCZB)";
				"CODE_SIGN_IDENTITY[sdk=iphoneos*]" = "iPhone Developer";
				COPY_PHASE_STRIP = NO;
				GCC_C_LANGUAGE_STANDARD = gnu99;
				GCC_DYNAMIC_NO_PIC = NO;
				GCC_OPTIMIZATION_LEVEL = 0;
				GCC_PREPROCESSOR_DEFINITIONS = (
					"DEBUG=1",
					"$(inherited)",
				);
				GCC_SYMBOLS_PRIVATE_EXTERN = NO;
				GCC_WARN_64_TO_32_BIT_CONVERSION = YES;
				GCC_WARN_ABOUT_RETURN_TYPE = YES_ERROR;
				GCC_WARN_UNDECLARED_SELECTOR = YES;
				GCC_WARN_UNINITIALIZED_AUTOS = YES;
				GCC_WARN_UNUSED_FUNCTION = YES;
				GCC_WARN_UNUSED_VARIABLE = YES;
				IPHONEOS_DEPLOYMENT_TARGET = 7.0;
				ONLY_ACTIVE_ARCH = YES;
				SDKROOT = iphoneos;
				TARGETED_DEVICE_FAMILY = "1,2";
			};
			name = Debug;
		};
		1E2F781B1835CAA600EB65E3 /* Release */ = {
			isa = XCBuildConfiguration;
			buildSettings = {
				ALWAYS_SEARCH_USER_PATHS = NO;
				ARCHS = "$(ARCHS_STANDARD_INCLUDING_64_BIT)";
				CLANG_CXX_LANGUAGE_STANDARD = "gnu++0x";
				CLANG_CXX_LIBRARY = "libc++";
				CLANG_ENABLE_MODULES = YES;
				CLANG_ENABLE_OBJC_ARC = YES;
				CLANG_WARN_BOOL_CONVERSION = YES;
				CLANG_WARN_CONSTANT_CONVERSION = YES;
				CLANG_WARN_DIRECT_OBJC_ISA_USAGE = YES_ERROR;
				CLANG_WARN_EMPTY_BODY = YES;
				CLANG_WARN_ENUM_CONVERSION = YES;
				CLANG_WARN_INT_CONVERSION = YES;
				CLANG_WARN_OBJC_ROOT_CLASS = YES_ERROR;
				CLANG_WARN__DUPLICATE_METHOD_MATCH = YES;
				CODE_SIGN_IDENTITY = "iPhone Developer: 李 Zhongqi (AS3RVGMCZB)";
				"CODE_SIGN_IDENTITY[sdk=iphoneos*]" = "iPhone Developer";
				COPY_PHASE_STRIP = YES;
				ENABLE_NS_ASSERTIONS = NO;
				GCC_C_LANGUAGE_STANDARD = gnu99;
				GCC_WARN_64_TO_32_BIT_CONVERSION = YES;
				GCC_WARN_ABOUT_RETURN_TYPE = YES_ERROR;
				GCC_WARN_UNDECLARED_SELECTOR = YES;
				GCC_WARN_UNINITIALIZED_AUTOS = YES;
				GCC_WARN_UNUSED_FUNCTION = YES;
				GCC_WARN_UNUSED_VARIABLE = YES;
				IPHONEOS_DEPLOYMENT_TARGET = 7.0;
				SDKROOT = iphoneos;
				TARGETED_DEVICE_FAMILY = "1,2";
				VALIDATE_PRODUCT = YES;
			};
			name = Release;
		};
		1E2F781D1835CAA600EB65E3 /* Debug */ = {
			isa = XCBuildConfiguration;
			buildSettings = {
				ASSETCATALOG_COMPILER_APPICON_NAME = AppIcon;
				ASSETCATALOG_COMPILER_LAUNCHIMAGE_NAME = LaunchImage;
				CLANG_ENABLE_OBJC_ARC = YES;
				CODE_SIGN_IDENTITY = "iPhone Developer: 李 Zhongqi (AS3RVGMCZB)";
				"CODE_SIGN_IDENTITY[sdk=iphoneos*]" = "iPhone Developer: 李 Zhongqi (AS3RVGMCZB)";
				FRAMEWORK_SEARCH_PATHS = (
					"$(inherited)",
					/Users/lizhongqi/Desktop/FitBitChallenge,
					/Users/lizhongqi/Documents/FacebookSDK,
				);
				GCC_PRECOMPILE_PREFIX_HEADER = YES;
				GCC_PREFIX_HEADER = "FitBitChallenge/FitBitChallenge-Prefix.pch";
				INFOPLIST_FILE = "FitBitChallenge/FitBitChallenge-Info.plist";
				IPHONEOS_DEPLOYMENT_TARGET = 8.0;
				OTHER_LDFLAGS = "-ObjC";
				PRODUCT_NAME = "$(TARGET_NAME)";
				PROVISIONING_PROFILE = "25EDF538-DE0B-442D-BB49-520BBEB99B1C";
				WRAPPER_EXTENSION = app;
			};
			name = Debug;
		};
		1E2F781E1835CAA600EB65E3 /* Release */ = {
			isa = XCBuildConfiguration;
			buildSettings = {
				ASSETCATALOG_COMPILER_APPICON_NAME = AppIcon;
				ASSETCATALOG_COMPILER_LAUNCHIMAGE_NAME = LaunchImage;
				CLANG_ENABLE_OBJC_ARC = YES;
				CODE_SIGN_IDENTITY = "iPhone Developer: 李 Zhongqi (AS3RVGMCZB)";
				"CODE_SIGN_IDENTITY[sdk=iphoneos*]" = "iPhone Developer: 李 Zhongqi (AS3RVGMCZB)";
				FRAMEWORK_SEARCH_PATHS = (
					"$(inherited)",
					/Users/lizhongqi/Desktop/FitBitChallenge,
					/Users/lizhongqi/Documents/FacebookSDK,
				);
				GCC_PRECOMPILE_PREFIX_HEADER = YES;
				GCC_PREFIX_HEADER = "FitBitChallenge/FitBitChallenge-Prefix.pch";
				INFOPLIST_FILE = "FitBitChallenge/FitBitChallenge-Info.plist";
				IPHONEOS_DEPLOYMENT_TARGET = 8.0;
				OTHER_LDFLAGS = "-ObjC";
				PRODUCT_NAME = "$(TARGET_NAME)";
				PROVISIONING_PROFILE = "25EDF538-DE0B-442D-BB49-520BBEB99B1C";
				WRAPPER_EXTENSION = app;
			};
			name = Release;
		};
		1E2F78201835CAA600EB65E3 /* Debug */ = {
			isa = XCBuildConfiguration;
			buildSettings = {
				ARCHS = "$(ARCHS_STANDARD_INCLUDING_64_BIT)";
				BUNDLE_LOADER = "$(BUILT_PRODUCTS_DIR)/FitBitChallenge.app/FitBitChallenge";
				FRAMEWORK_SEARCH_PATHS = (
					"$(SDKROOT)/Developer/Library/Frameworks",
					"$(inherited)",
					"$(DEVELOPER_FRAMEWORKS_DIR)",
				);
				GCC_PRECOMPILE_PREFIX_HEADER = YES;
				GCC_PREFIX_HEADER = "FitBitChallenge/FitBitChallenge-Prefix.pch";
				GCC_PREPROCESSOR_DEFINITIONS = (
					"DEBUG=1",
					"$(inherited)",
				);
				INFOPLIST_FILE = "FitBitChallengeTests/FitBitChallengeTests-Info.plist";
				PRODUCT_NAME = "$(TARGET_NAME)";
				TEST_HOST = "$(BUNDLE_LOADER)";
				WRAPPER_EXTENSION = xctest;
			};
			name = Debug;
		};
		1E2F78211835CAA600EB65E3 /* Release */ = {
			isa = XCBuildConfiguration;
			buildSettings = {
				ARCHS = "$(ARCHS_STANDARD_INCLUDING_64_BIT)";
				BUNDLE_LOADER = "$(BUILT_PRODUCTS_DIR)/FitBitChallenge.app/FitBitChallenge";
				FRAMEWORK_SEARCH_PATHS = (
					"$(SDKROOT)/Developer/Library/Frameworks",
					"$(inherited)",
					"$(DEVELOPER_FRAMEWORKS_DIR)",
				);
				GCC_PRECOMPILE_PREFIX_HEADER = YES;
				GCC_PREFIX_HEADER = "FitBitChallenge/FitBitChallenge-Prefix.pch";
				INFOPLIST_FILE = "FitBitChallengeTests/FitBitChallengeTests-Info.plist";
				PRODUCT_NAME = "$(TARGET_NAME)";
				TEST_HOST = "$(BUNDLE_LOADER)";
				WRAPPER_EXTENSION = xctest;
			};
			name = Release;
		};
/* End XCBuildConfiguration section */

/* Begin XCConfigurationList section */
		1E2F77E21835CAA600EB65E3 /* Build configuration list for PBXProject "FitBitChallenge" */ = {
			isa = XCConfigurationList;
			buildConfigurations = (
				1E2F781A1835CAA600EB65E3 /* Debug */,
				1E2F781B1835CAA600EB65E3 /* Release */,
			);
			defaultConfigurationIsVisible = 0;
			defaultConfigurationName = Release;
		};
		1E2F781C1835CAA600EB65E3 /* Build configuration list for PBXNativeTarget "FitBitChallenge" */ = {
			isa = XCConfigurationList;
			buildConfigurations = (
				1E2F781D1835CAA600EB65E3 /* Debug */,
				1E2F781E1835CAA600EB65E3 /* Release */,
			);
			defaultConfigurationIsVisible = 0;
			defaultConfigurationName = Release;
		};
		1E2F781F1835CAA600EB65E3 /* Build configuration list for PBXNativeTarget "FitBitChallengeTests" */ = {
			isa = XCConfigurationList;
			buildConfigurations = (
				1E2F78201835CAA600EB65E3 /* Debug */,
				1E2F78211835CAA600EB65E3 /* Release */,
			);
			defaultConfigurationIsVisible = 0;
			defaultConfigurationName = Release;
		};
/* End XCConfigurationList section */
	};
	rootObject = 1E2F77DF1835CAA600EB65E3 /* Project object */;
}
